
Microsoft Visual Studio Solution File, Format Version 12.00
# Visual Studio Version 16
VisualStudioVersion = 16.0.29920.165
MinimumVisualStudioVersion = 10.0.40219.1
Project("{FAE04EC0-301F-11D3-BF4B-00C04F79EFBC}") = "HangMANFinal", "HangMANFinal\HangMANFinal.csproj", "{1EB80E60-6E85-48F3-9B4A-BCE17BF508EA}"
EndProject
Global
	GlobalSection(SolutionConfigurationPlatforms) = preSolution
		Debug|Any CPU = Debug|Any CPU
		Release|Any CPU = Release|Any CPU
	EndGlobalSection
	GlobalSection(ProjectConfigurationPlatforms) = postSolution
		{1EB80E60-6E85-48F3-9B4A-BCE17BF508EA}.Debug|Any CPU.ActiveCfg = Debug|Any CPU
		{1EB80E60-6E85-48F3-9B4A-BCE17BF508EA}.Debug|Any CPU.Build.0 = Debug|Any CPU
		{1EB80E60-6E85-48F3-9B4A-BCE17BF508EA}.Release|Any CPU.ActiveCfg = Release|Any CPU
		{1EB80E60-6E85-48F3-9B4A-BCE17BF508EA}.Release|Any CPU.Build.0 = Release|Any CPU
	EndGlobalSection
	GlobalSection(SolutionProperties) = preSolution
		HideSolutionNode = FALSE
	EndGlobalSection
	GlobalSection(ExtensibilityGlobals) = postSolution
		SolutionGuid = {BBEA077C-7CD4-4B2D-B0F9-F35EA3021328}
	EndGlobalSection
EndGlobal
